
Microsoft Visual Studio Solution File, Format Version 12.00
# Visual Studio 15
Project("{FAE04EC0-301F-11D3-BF4B-00C04F79EFBC}") = "Assembly-CSharp", "Assembly-CSharp.csproj", "{9429FC95-0E9F-F196-C4C4-D93C754886C5}"
EndProject
Project("{FAE04EC0-301F-11D3-BF4B-00C04F79EFBC}") = "GoogleMobileAds", "GoogleMobileAds.csproj", "{74F02A2C-4C7E-EEEA-7793-327B2A14761A}"
EndProject
Project("{FAE04EC0-301F-11D3-BF4B-00C04F79EFBC}") = "Google.Android.AppBundle.Editor", "Google.Android.AppBundle.Editor.csproj", "{228BD5EC-66DD-7C9E-C93B-443B1DC83744}"
EndProject
Project("{FAE04EC0-301F-11D3-BF4B-00C04F79EFBC}") = "GoogleMobileAds.Editor", "GoogleMobileAds.Editor.csproj", "{56F36097-E8F8-7D93-337E-A6CDCE703EF5}"
EndProject
Project("{FAE04EC0-301F-11D3-BF4B-00C04F79EFBC}") = "Assembly-CSharp-Editor", "Assembly-CSharp-Editor.csproj", "{D27D9F3A-C1F5-204B-67BE-B4515422A9A2}"
EndProject
Global
	GlobalSection(SolutionConfigurationPlatforms) = preSolution
		Debug|Any CPU = Debug|Any CPU
		Release|Any CPU = Release|Any CPU
	EndGlobalSection
	GlobalSection(ProjectConfigurationPlatforms) = postSolution
		{9429FC95-0E9F-F196-C4C4-D93C754886C5}.Debug|Any CPU.ActiveCfg = Debug|Any CPU
		{9429FC95-0E9F-F196-C4C4-D93C754886C5}.Debug|Any CPU.Build.0 = Debug|Any CPU
		{9429FC95-0E9F-F196-C4C4-D93C754886C5}.Release|Any CPU.ActiveCfg = Release|Any CPU
		{9429FC95-0E9F-F196-C4C4-D93C754886C5}.Release|Any CPU.Build.0 = Release|Any CPU
		{74F02A2C-4C7E-EEEA-7793-327B2A14761A}.Debug|Any CPU.ActiveCfg = Debug|Any CPU
		{74F02A2C-4C7E-EEEA-7793-327B2A14761A}.Debug|Any CPU.Build.0 = Debug|Any CPU
		{74F02A2C-4C7E-EEEA-7793-327B2A14761A}.Release|Any CPU.ActiveCfg = Release|Any CPU
		{74F02A2C-4C7E-EEEA-7793-327B2A14761A}.Release|Any CPU.Build.0 = Release|Any CPU
		{228BD5EC-66DD-7C9E-C93B-443B1DC83744}.Debug|Any CPU.ActiveCfg = Debug|Any CPU
		{228BD5EC-66DD-7C9E-C93B-443B1DC83744}.Debug|Any CPU.Build.0 = Debug|Any CPU
		{228BD5EC-66DD-7C9E-C93B-443B1DC83744}.Release|Any CPU.ActiveCfg = Release|Any CPU
		{228BD5EC-66DD-7C9E-C93B-443B1DC83744}.Release|Any CPU.Build.0 = Release|Any CPU
		{56F36097-E8F8-7D93-337E-A6CDCE703EF5}.Debug|Any CPU.ActiveCfg = Debug|Any CPU
		{56F36097-E8F8-7D93-337E-A6CDCE703EF5}.Debug|Any CPU.Build.0 = Debug|Any CPU
		{56F36097-E8F8-7D93-337E-A6CDCE703EF5}.Release|Any CPU.ActiveCfg = Release|Any CPU
		{56F36097-E8F8-7D93-337E-A6CDCE703EF5}.Release|Any CPU.Build.0 = Release|Any CPU
		{D27D9F3A-C1F5-204B-67BE-B4515422A9A2}.Debug|Any CPU.ActiveCfg = Debug|Any CPU
		{D27D9F3A-C1F5-204B-67BE-B4515422A9A2}.Debug|Any CPU.Build.0 = Debug|Any CPU
		{D27D9F3A-C1F5-204B-67BE-B4515422A9A2}.Release|Any CPU.ActiveCfg = Release|Any CPU
		{D27D9F3A-C1F5-204B-67BE-B4515422A9A2}.Release|Any CPU.Build.0 = Release|Any CPU
	EndGlobalSection
	GlobalSection(SolutionProperties) = preSolution
		HideSolutionNode = FALSE
	EndGlobalSection
EndGlobal
